
Microsoft Visual Studio Solution File, Format Version 12.00
# Visual Studio Version 17
VisualStudioVersion = 17.1.32210.238
MinimumVisualStudioVersion = 10.0.40219.1
Project("{8BC9CEB8-8B4A-11D0-8D11-00A0C91BC942}") = "PlayWordle", "PlayWordle\PlayWordle.vcxproj", "{60A0D217-72F5-4AE1-99FB-2C9C96C4B53B}"
	ProjectSection(ProjectDependencies) = postProject
		{91B79636-3ACC-493D-A411-162605F7A1C0} = {91B79636-3ACC-493D-A411-162605F7A1C0}
	EndProjectSection
EndProject
Project("{8BC9CEB8-8B4A-11D0-8D11-00A0C91BC942}") = "WordleAgent", "WordleAgent\WordleAgent.vcxproj", "{91B79636-3ACC-493D-A411-162605F7A1C0}"
EndProject
Project("{8BC9CEB8-8B4A-11D0-8D11-00A0C91BC942}") = "RandomAgent", "RandomAgent\RandomAgent.vcxproj", "{5E9FB7A6-62C4-45A1-89D0-32F91B920B6C}"
	ProjectSection(ProjectDependencies) = postProject
		{91B79636-3ACC-493D-A411-162605F7A1C0} = {91B79636-3ACC-493D-A411-162605F7A1C0}
	EndProjectSection
EndProject
Project("{8BC9CEB8-8B4A-11D0-8D11-00A0C91BC942}") = "PickWords", "PickWords\PickWords.vcxproj", "{4F1CAB1D-2B9B-42BE-9DED-2DC9CD31BF95}"
	ProjectSection(ProjectDependencies) = postProject
		{91B79636-3ACC-493D-A411-162605F7A1C0} = {91B79636-3ACC-493D-A411-162605F7A1C0}
	EndProjectSection
EndProject
Project("{8BC9CEB8-8B4A-11D0-8D11-00A0C91BC942}") = "LastLine", "LastLine\LastLine.vcxproj", "{9F600663-1387-45B0-BB65-2EE0ABAC506A}"
EndProject
Global
	GlobalSection(SolutionConfigurationPlatforms) = preSolution
		Debug|x64 = Debug|x64
		Debug|x86 = Debug|x86
		Release|x64 = Release|x64
		Release|x86 = Release|x86
	EndGlobalSection
	GlobalSection(ProjectConfigurationPlatforms) = postSolution
		{60A0D217-72F5-4AE1-99FB-2C9C96C4B53B}.Debug|x64.ActiveCfg = Debug|x64
		{60A0D217-72F5-4AE1-99FB-2C9C96C4B53B}.Debug|x64.Build.0 = Debug|x64
		{60A0D217-72F5-4AE1-99FB-2C9C96C4B53B}.Debug|x86.ActiveCfg = Debug|Win32
		{60A0D217-72F5-4AE1-99FB-2C9C96C4B53B}.Debug|x86.Build.0 = Debug|Win32
		{60A0D217-72F5-4AE1-99FB-2C9C96C4B53B}.Release|x64.ActiveCfg = Release|x64
		{60A0D217-72F5-4AE1-99FB-2C9C96C4B53B}.Release|x64.Build.0 = Release|x64
		{60A0D217-72F5-4AE1-99FB-2C9C96C4B53B}.Release|x86.ActiveCfg = Release|Win32
		{60A0D217-72F5-4AE1-99FB-2C9C96C4B53B}.Release|x86.Build.0 = Release|Win32
		{91B79636-3ACC-493D-A411-162605F7A1C0}.Debug|x64.ActiveCfg = Debug|x64
		{91B79636-3ACC-493D-A411-162605F7A1C0}.Debug|x64.Build.0 = Debug|x64
		{91B79636-3ACC-493D-A411-162605F7A1C0}.Debug|x86.ActiveCfg = Debug|Win32
		{91B79636-3ACC-493D-A411-162605F7A1C0}.Debug|x86.Build.0 = Debug|Win32
		{91B79636-3ACC-493D-A411-162605F7A1C0}.Release|x64.ActiveCfg = Release|x64
		{91B79636-3ACC-493D-A411-162605F7A1C0}.Release|x64.Build.0 = Release|x64
		{91B79636-3ACC-493D-A411-162605F7A1C0}.Release|x86.ActiveCfg = Release|Win32
		{91B79636-3ACC-493D-A411-162605F7A1C0}.Release|x86.Build.0 = Release|Win32
		{5E9FB7A6-62C4-45A1-89D0-32F91B920B6C}.Debug|x64.ActiveCfg = Debug|x64
		{5E9FB7A6-62C4-45A1-89D0-32F91B920B6C}.Debug|x64.Build.0 = Debug|x64
		{5E9FB7A6-62C4-45A1-89D0-32F91B920B6C}.Debug|x86.ActiveCfg = Debug|Win32
		{5E9FB7A6-62C4-45A1-89D0-32F91B920B6C}.Debug|x86.Build.0 = Debug|Win32
		{5E9FB7A6-62C4-45A1-89D0-32F91B920B6C}.Release|x64.ActiveCfg = Release|x64
		{5E9FB7A6-62C4-45A1-89D0-32F91B920B6C}.Release|x64.Build.0 = Release|x64
		{5E9FB7A6-62C4-45A1-89D0-32F91B920B6C}.Release|x86.ActiveCfg = Release|Win32
		{5E9FB7A6-62C4-45A1-89D0-32F91B920B6C}.Release|x86.Build.0 = Release|Win32
		{4F1CAB1D-2B9B-42BE-9DED-2DC9CD31BF95}.Debug|x64.ActiveCfg = Debug|x64
		{4F1CAB1D-2B9B-42BE-9DED-2DC9CD31BF95}.Debug|x64.Build.0 = Debug|x64
		{4F1CAB1D-2B9B-42BE-9DED-2DC9CD31BF95}.Debug|x86.ActiveCfg = Debug|Win32
		{4F1CAB1D-2B9B-42BE-9DED-2DC9CD31BF95}.Debug|x86.Build.0 = Debug|Win32
		{4F1CAB1D-2B9B-42BE-9DED-2DC9CD31BF95}.Release|x64.ActiveCfg = Release|x64
		{4F1CAB1D-2B9B-42BE-9DED-2DC9CD31BF95}.Release|x64.Build.0 = Release|x64
		{4F1CAB1D-2B9B-42BE-9DED-2DC9CD31BF95}.Release|x86.ActiveCfg = Release|Win32
		{4F1CAB1D-2B9B-42BE-9DED-2DC9CD31BF95}.Release|x86.Build.0 = Release|Win32
		{9F600663-1387-45B0-BB65-2EE0ABAC506A}.Debug|x64.ActiveCfg = Debug|x64
		{9F600663-1387-45B0-BB65-2EE0ABAC506A}.Debug|x64.Build.0 = Debug|x64
		{9F600663-1387-45B0-BB65-2EE0ABAC506A}.Debug|x86.ActiveCfg = Debug|Win32
		{9F600663-1387-45B0-BB65-2EE0ABAC506A}.Debug|x86.Build.0 = Debug|Win32
		{9F600663-1387-45B0-BB65-2EE0ABAC506A}.Release|x64.ActiveCfg = Release|x64
		{9F600663-1387-45B0-BB65-2EE0ABAC506A}.Release|x64.Build.0 = Release|x64
		{9F600663-1387-45B0-BB65-2EE0ABAC506A}.Release|x86.ActiveCfg = Release|Win32
		{9F600663-1387-45B0-BB65-2EE0ABAC506A}.Release|x86.Build.0 = Release|Win32
	EndGlobalSection
	GlobalSection(SolutionProperties) = preSolution
		HideSolutionNode = FALSE
	EndGlobalSection
	GlobalSection(ExtensibilityGlobals) = postSolution
		SolutionGuid = {73E49FC0-FA6A-42F3-BFB6-48340498C2EC}
	EndGlobalSection
EndGlobal
